// !$*UTF8*$!
{
	archiveVersion = 1;
	classes = {
	};
	objectVersion = 46;
	objects = {

/* Begin PBXBuildFile section */
		C302FDFE1AEE182B008CC3B3 /* main.m in Sources */ = {isa = PBXBuildFile; fileRef = C302FDFD1AEE182B008CC3B3 /* main.m */; };
		C302FE011AEE182B008CC3B3 /* AppDelegate.m in Sources */ = {isa = PBXBuildFile; fileRef = C302FE001AEE182B008CC3B3 /* AppDelegate.m */; };
		C302FE041AEE182B008CC3B3 /* ViewController.m in Sources */ = {isa = PBXBuildFile; fileRef = C302FE031AEE182B008CC3B3 /* ViewController.m */; };
		C302FE071AEE182B008CC3B3 /* Main.storyboard in Resources */ = {isa = PBXBuildFile; fileRef = C302FE051AEE182B008CC3B3 /* Main.storyboard */; };
		C302FE091AEE182B008CC3B3 /* Images.xcassets in Resources */ = {isa = PBXBuildFile; fileRef = C302FE081AEE182B008CC3B3 /* Images.xcassets */; };
		C302FE0C1AEE182B008CC3B3 /* LaunchScreen.xib in Resources */ = {isa = PBXBuildFile; fileRef = C302FE0A1AEE182B008CC3B3 /* LaunchScreen.xib */; };
		C302FE181AEE182B008CC3B3 /* DangerInTownTests.m in Sources */ = {isa = PBXBuildFile; fileRef = C302FE171AEE182B008CC3B3 /* DangerInTownTests.m */; };
		C302FE221AEE1EDF008CC3B3 /* GoogleMaps.framework in Frameworks */ = {isa = PBXBuildFile; fileRef = C302FE211AEE1EDF008CC3B3 /* GoogleMaps.framework */; };
		C302FE241AEE2008008CC3B3 /* GoogleMaps.bundle in Resources */ = {isa = PBXBuildFile; fileRef = C302FE231AEE2008008CC3B3 /* GoogleMaps.bundle */; };
		C302FE261AEE2069008CC3B3 /* AVFoundation.framework in Frameworks */ = {isa = PBXBuildFile; fileRef = C302FE251AEE2069008CC3B3 /* AVFoundation.framework */; };
		C302FE281AEE2087008CC3B3 /* CoreData.framework in Frameworks */ = {isa = PBXBuildFile; fileRef = C302FE271AEE2087008CC3B3 /* CoreData.framework */; };
		C302FE2A1AEE2090008CC3B3 /* CoreLocation.framework in Frameworks */ = {isa = PBXBuildFile; fileRef = C302FE291AEE2090008CC3B3 /* CoreLocation.framework */; };
		C302FE2C1AEE209D008CC3B3 /* CoreText.framework in Frameworks */ = {isa = PBXBuildFile; fileRef = C302FE2B1AEE209D008CC3B3 /* CoreText.framework */; };
		C302FE2E1AEE20A8008CC3B3 /* GLKit.framework in Frameworks */ = {isa = PBXBuildFile; fileRef = C302FE2D1AEE20A8008CC3B3 /* GLKit.framework */; };
		C302FE301AEE20BE008CC3B3 /* ImageIO.framework in Frameworks */ = {isa = PBXBuildFile; fileRef = C302FE2F1AEE20BE008CC3B3 /* ImageIO.framework */; };
		C302FE321AEE20CD008CC3B3 /* libc++.dylib in Frameworks */ = {isa = PBXBuildFile; fileRef = C302FE311AEE20CD008CC3B3 /* libc++.dylib */; };
		C302FE341AEE20DA008CC3B3 /* libicucore.dylib in Frameworks */ = {isa = PBXBuildFile; fileRef = C302FE331AEE20DA008CC3B3 /* libicucore.dylib */; };
		C302FE361AEE20E9008CC3B3 /* libz.dylib in Frameworks */ = {isa = PBXBuildFile; fileRef = C302FE351AEE20E9008CC3B3 /* libz.dylib */; };
		C302FE381AEE20F3008CC3B3 /* OpenGLES.framework in Frameworks */ = {isa = PBXBuildFile; fileRef = C302FE371AEE20F3008CC3B3 /* OpenGLES.framework */; };
		C302FE3A1AEE20FF008CC3B3 /* QuartzCore.framework in Frameworks */ = {isa = PBXBuildFile; fileRef = C302FE391AEE20FF008CC3B3 /* QuartzCore.framework */; };
		C302FE3C1AEE210C008CC3B3 /* SystemConfiguration.framework in Frameworks */ = {isa = PBXBuildFile; fileRef = C302FE3B1AEE210B008CC3B3 /* SystemConfiguration.framework */; };
/* End PBXBuildFile section */

/* Begin PBXContainerItemProxy section */
		C302FE121AEE182B008CC3B3 /* PBXContainerItemProxy */ = {
			isa = PBXContainerItemProxy;
			containerPortal = C302FDF01AEE182B008CC3B3 /* Project object */;
			proxyType = 1;
			remoteGlobalIDString = C302FDF71AEE182B008CC3B3;
			remoteInfo = DangerInTown;
		};
/* End PBXContainerItemProxy section */

/* Begin PBXFileReference section */
		C302FDF81AEE182B008CC3B3 /* DangerInTown.app */ = {isa = PBXFileReference; explicitFileType = wrapper.application; includeInIndex = 0; path = DangerInTown.app; sourceTree = BUILT_PRODUCTS_DIR; };
		C302FDFC1AEE182B008CC3B3 /* Info.plist */ = {isa = PBXFileReference; lastKnownFileType = text.plist.xml; path = Info.plist; sourceTree = "<group>"; };
		C302FDFD1AEE182B008CC3B3 /* main.m */ = {isa = PBXFileReference; lastKnownFileType = sourcecode.c.objc; path = main.m; sourceTree = "<group>"; };
		C302FDFF1AEE182B008CC3B3 /* AppDelegate.h */ = {isa = PBXFileReference; lastKnownFileType = sourcecode.c.h; path = AppDelegate.h; sourceTree = "<group>"; };
		C302FE001AEE182B008CC3B3 /* AppDelegate.m */ = {isa = PBXFileReference; lastKnownFileType = sourcecode.c.objc; path = AppDelegate.m; sourceTree = "<group>"; };
		C302FE021AEE182B008CC3B3 /* ViewController.h */ = {isa = PBXFileReference; lastKnownFileType = sourcecode.c.h; path = ViewController.h; sourceTree = "<group>"; };
		C302FE031AEE182B008CC3B3 /* ViewController.m */ = {isa = PBXFileReference; lastKnownFileType = sourcecode.c.objc; path = ViewController.m; sourceTree = "<group>"; };
		C302FE061AEE182B008CC3B3 /* Base */ = {isa = PBXFileReference; lastKnownFileType = file.storyboard; name = Base; path = Base.lproj/Main.storyboard; sourceTree = "<group>"; };
		C302FE081AEE182B008CC3B3 /* Images.xcassets */ = {isa = PBXFileReference; lastKnownFileType = folder.assetcatalog; path = Images.xcassets; sourceTree = "<group>"; };
		C302FE0B1AEE182B008CC3B3 /* Base */ = {isa = PBXFileReference; lastKnownFileType = file.xib; name = Base; path = Base.lproj/LaunchScreen.xib; sourceTree = "<group>"; };
		C302FE111AEE182B008CC3B3 /* DangerInTownTests.xctest */ = {isa = PBXFileReference; explicitFileType = wrapper.cfbundle; includeInIndex = 0; path = DangerInTownTests.xctest; sourceTree = BUILT_PRODUCTS_DIR; };
		C302FE161AEE182B008CC3B3 /* Info.plist */ = {isa = PBXFileReference; lastKnownFileType = text.plist.xml; path = Info.plist; sourceTree = "<group>"; };
		C302FE171AEE182B008CC3B3 /* DangerInTownTests.m */ = {isa = PBXFileReference; lastKnownFileType = sourcecode.c.objc; path = DangerInTownTests.m; sourceTree = "<group>"; };
		C302FE211AEE1EDF008CC3B3 /* GoogleMaps.framework */ = {isa = PBXFileReference; lastKnownFileType = wrapper.framework; path = GoogleMaps.framework; sourceTree = "<group>"; };
		C302FE231AEE2008008CC3B3 /* GoogleMaps.bundle */ = {isa = PBXFileReference; lastKnownFileType = "wrapper.plug-in"; name = GoogleMaps.bundle; path = "../../Downloads/GoogleMaps-iOS-1.9.2/GoogleMaps.framework/Versions/A/Resources/GoogleMaps.bundle"; sourceTree = "<group>"; };
		C302FE251AEE2069008CC3B3 /* AVFoundation.framework */ = {isa = PBXFileReference; lastKnownFileType = wrapper.framework; name = AVFoundation.framework; path = System/Library/Frameworks/AVFoundation.framework; sourceTree = SDKROOT; };
		C302FE271AEE2087008CC3B3 /* CoreData.framework */ = {isa = PBXFileReference; lastKnownFileType = wrapper.framework; name = CoreData.framework; path = System/Library/Frameworks/CoreData.framework; sourceTree = SDKROOT; };
		C302FE291AEE2090008CC3B3 /* CoreLocation.framework */ = {isa = PBXFileReference; lastKnownFileType = wrapper.framework; name = CoreLocation.framework; path = System/Library/Frameworks/CoreLocation.framework; sourceTree = SDKROOT; };
		C302FE2B1AEE209D008CC3B3 /* CoreText.framework */ = {isa = PBXFileReference; lastKnownFileType = wrapper.framework; name = CoreText.framework; path = System/Library/Frameworks/CoreText.framework; sourceTree = SDKROOT; };
		C302FE2D1AEE20A8008CC3B3 /* GLKit.framework */ = {isa = PBXFileReference; lastKnownFileType = wrapper.framework; name = GLKit.framework; path = System/Library/Frameworks/GLKit.framework; sourceTree = SDKROOT; };
		C302FE2F1AEE20BE008CC3B3 /* ImageIO.framework */ = {isa = PBXFileReference; lastKnownFileType = wrapper.framework; name = ImageIO.framework; path = System/Library/Frameworks/ImageIO.framework; sourceTree = SDKROOT; };
		C302FE311AEE20CD008CC3B3 /* libc++.dylib */ = {isa = PBXFileReference; lastKnownFileType = "compiled.mach-o.dylib"; name = "libc++.dylib"; path = "usr/lib/libc++.dylib"; sourceTree = SDKROOT; };
		C302FE331AEE20DA008CC3B3 /* libicucore.dylib */ = {isa = PBXFileReference; lastKnownFileType = "compiled.mach-o.dylib"; name = libicucore.dylib; path = usr/lib/libicucore.dylib; sourceTree = SDKROOT; };
		C302FE351AEE20E9008CC3B3 /* libz.dylib */ = {isa = PBXFileReference; lastKnownFileType = "compiled.mach-o.dylib"; name = libz.dylib; path = usr/lib/libz.dylib; sourceTree = SDKROOT; };
		C302FE371AEE20F3008CC3B3 /* OpenGLES.framework */ = {isa = PBXFileReference; lastKnownFileType = wrapper.framework; name = OpenGLES.framework; path = System/Library/Frameworks/OpenGLES.framework; sourceTree = SDKROOT; };
		C302FE391AEE20FF008CC3B3 /* QuartzCore.framework */ = {isa = PBXFileReference; lastKnownFileType = wrapper.framework; name = QuartzCore.framework; path = System/Library/Frameworks/QuartzCore.framework; sourceTree = SDKROOT; };
		C302FE3B1AEE210B008CC3B3 /* SystemConfiguration.framework */ = {isa = PBXFileReference; lastKnownFileType = wrapper.framework; name = SystemConfiguration.framework; path = System/Library/Frameworks/SystemConfiguration.framework; sourceTree = SDKROOT; };
/* End PBXFileReference section */

/* Begin PBXFrameworksBuildPhase section */
		C302FDF51AEE182B008CC3B3 /* Frameworks */ = {
			isa = PBXFrameworksBuildPhase;
			buildActionMask = 2147483647;
			files = (
				C302FE3C1AEE210C008CC3B3 /* SystemConfiguration.framework in Frameworks */,
				C302FE3A1AEE20FF008CC3B3 /* QuartzCore.framework in Frameworks */,
				C302FE381AEE20F3008CC3B3 /* OpenGLES.framework in Frameworks */,
				C302FE361AEE20E9008CC3B3 /* libz.dylib in Frameworks */,
				C302FE341AEE20DA008CC3B3 /* libicucore.dylib in Frameworks */,
				C302FE321AEE20CD008CC3B3 /* libc++.dylib in Frameworks */,
				C302FE301AEE20BE008CC3B3 /* ImageIO.framework in Frameworks */,
				C302FE2E1AEE20A8008CC3B3 /* GLKit.framework in Frameworks */,
				C302FE2C1AEE209D008CC3B3 /* CoreText.framework in Frameworks */,
				C302FE2A1AEE2090008CC3B3 /* CoreLocation.framework in Frameworks */,
				C302FE281AEE2087008CC3B3 /* CoreData.framework in Frameworks */,
				C302FE261AEE2069008CC3B3 /* AVFoundation.framework in Frameworks */,
				C302FE221AEE1EDF008CC3B3 /* GoogleMaps.framework in Frameworks */,
			);
			runOnlyForDeploymentPostprocessing = 0;
		};
		C302FE0E1AEE182B008CC3B3 /* Frameworks */ = {
			isa = PBXFrameworksBuildPhase;
			buildActionMask = 2147483647;
			files = (
			);
			runOnlyForDeploymentPostprocessing = 0;
		};
/* End PBXFrameworksBuildPhase section */

/* Begin PBXGroup section */
		C302FDEF1AEE182B008CC3B3 = {
			isa = PBXGroup;
			children = (
				C302FDFA1AEE182B008CC3B3 /* DangerInTown */,
				C302FE141AEE182B008CC3B3 /* DangerInTownTests */,
				C302FDF91AEE182B008CC3B3 /* Products */,
				C302FE3D1AEE22AD008CC3B3 /* GoogleMap */,
			);
			sourceTree = "<group>";
		};
		C302FDF91AEE182B008CC3B3 /* Products */ = {
			isa = PBXGroup;
			children = (
				C302FDF81AEE182B008CC3B3 /* DangerInTown.app */,
				C302FE111AEE182B008CC3B3 /* DangerInTownTests.xctest */,
			);
			name = Products;
			sourceTree = "<group>";
		};
		C302FDFA1AEE182B008CC3B3 /* DangerInTown */ = {
			isa = PBXGroup;
			children = (
				C302FDFF1AEE182B008CC3B3 /* AppDelegate.h */,
				C302FE001AEE182B008CC3B3 /* AppDelegate.m */,
				C302FE021AEE182B008CC3B3 /* ViewController.h */,
				C302FE031AEE182B008CC3B3 /* ViewController.m */,
				C302FE051AEE182B008CC3B3 /* Main.storyboard */,
				C302FE081AEE182B008CC3B3 /* Images.xcassets */,
				C302FE0A1AEE182B008CC3B3 /* LaunchScreen.xib */,
				C302FDFB1AEE182B008CC3B3 /* Supporting Files */,
			);
			path = DangerInTown;
			sourceTree = "<group>";
		};
		C302FDFB1AEE182B008CC3B3 /* Supporting Files */ = {
			isa = PBXGroup;
			children = (
				C302FDFC1AEE182B008CC3B3 /* Info.plist */,
				C302FDFD1AEE182B008CC3B3 /* main.m */,
			);
			name = "Supporting Files";
			sourceTree = "<group>";
		};
		C302FE141AEE182B008CC3B3 /* DangerInTownTests */ = {
			isa = PBXGroup;
			children = (
				C302FE171AEE182B008CC3B3 /* DangerInTownTests.m */,
				C302FE151AEE182B008CC3B3 /* Supporting Files */,
			);
			path = DangerInTownTests;
			sourceTree = "<group>";
		};
		C302FE151AEE182B008CC3B3 /* Supporting Files */ = {
			isa = PBXGroup;
			children = (
				C302FE161AEE182B008CC3B3 /* Info.plist */,
			);
			name = "Supporting Files";
			sourceTree = "<group>";
		};
		C302FE3D1AEE22AD008CC3B3 /* GoogleMap */ = {
			isa = PBXGroup;
			children = (
				C302FE3B1AEE210B008CC3B3 /* SystemConfiguration.framework */,
				C302FE391AEE20FF008CC3B3 /* QuartzCore.framework */,
				C302FE371AEE20F3008CC3B3 /* OpenGLES.framework */,
				C302FE351AEE20E9008CC3B3 /* libz.dylib */,
				C302FE331AEE20DA008CC3B3 /* libicucore.dylib */,
				C302FE311AEE20CD008CC3B3 /* libc++.dylib */,
				C302FE2F1AEE20BE008CC3B3 /* ImageIO.framework */,
				C302FE2D1AEE20A8008CC3B3 /* GLKit.framework */,
				C302FE2B1AEE209D008CC3B3 /* CoreText.framework */,
				C302FE291AEE2090008CC3B3 /* CoreLocation.framework */,
				C302FE271AEE2087008CC3B3 /* CoreData.framework */,
				C302FE251AEE2069008CC3B3 /* AVFoundation.framework */,
				C302FE211AEE1EDF008CC3B3 /* GoogleMaps.framework */,
				C302FE231AEE2008008CC3B3 /* GoogleMaps.bundle */,
			);
			name = GoogleMap;
			sourceTree = "<group>";
		};
/* End PBXGroup section */

/* Begin PBXNativeTarget section */
		C302FDF71AEE182B008CC3B3 /* DangerInTown */ = {
			isa = PBXNativeTarget;
			buildConfigurationList = C302FE1B1AEE182B008CC3B3 /* Build configuration list for PBXNativeTarget "DangerInTown" */;
			buildPhases = (
				C302FDF41AEE182B008CC3B3 /* Sources */,
				C302FDF51AEE182B008CC3B3 /* Frameworks */,
				C302FDF61AEE182B008CC3B3 /* Resources */,
			);
			buildRules = (
			);
			dependencies = (
			);
			name = DangerInTown;
			productName = DangerInTown;
			productReference = C302FDF81AEE182B008CC3B3 /* DangerInTown.app */;
			productType = "com.apple.product-type.application";
		};
		C302FE101AEE182B008CC3B3 /* DangerInTownTests */ = {
			isa = PBXNativeTarget;
			buildConfigurationList = C302FE1E1AEE182B008CC3B3 /* Build configuration list for PBXNativeTarget "DangerInTownTests" */;
			buildPhases = (
				C302FE0D1AEE182B008CC3B3 /* Sources */,
				C302FE0E1AEE182B008CC3B3 /* Frameworks */,
				C302FE0F1AEE182B008CC3B3 /* Resources */,
			);
			buildRules = (
			);
			dependencies = (
				C302FE131AEE182B008CC3B3 /* PBXTargetDependency */,
			);
			name = DangerInTownTests;
			productName = DangerInTownTests;
			productReference = C302FE111AEE182B008CC3B3 /* DangerInTownTests.xctest */;
			productType = "com.apple.product-type.bundle.unit-test";
		};
/* End PBXNativeTarget section */

/* Begin PBXProject section */
		C302FDF01AEE182B008CC3B3 /* Project object */ = {
			isa = PBXProject;
			attributes = {
				LastUpgradeCheck = 0630;
				ORGANIZATIONNAME = "Michael M. Kim";
				TargetAttributes = {
					C302FDF71AEE182B008CC3B3 = {
						CreatedOnToolsVersion = 6.3;
						DevelopmentTeam = TM943AP7Q5;
					};
					C302FE101AEE182B008CC3B3 = {
						CreatedOnToolsVersion = 6.3;
						TestTargetID = C302FDF71AEE182B008CC3B3;
					};
				};
			};
			buildConfigurationList = C302FDF31AEE182B008CC3B3 /* Build configuration list for PBXProject "DangerInTown" */;
			compatibilityVersion = "Xcode 3.2";
			developmentRegion = English;
			hasScannedForEncodings = 0;
			knownRegions = (
				en,
				Base,
			);
			mainGroup = C302FDEF1AEE182B008CC3B3;
			productRefGroup = C302FDF91AEE182B008CC3B3 /* Products */;
			projectDirPath = "";
			projectRoot = "";
			targets = (
				C302FDF71AEE182B008CC3B3 /* DangerInTown */,
				C302FE101AEE182B008CC3B3 /* DangerInTownTests */,
			);
		};
/* End PBXProject section */

/* Begin PBXResourcesBuildPhase section */
		C302FDF61AEE182B008CC3B3 /* Resources */ = {
			isa = PBXResourcesBuildPhase;
			buildActionMask = 2147483647;
			files = (
				C302FE071AEE182B008CC3B3 /* Main.storyboard in Resources */,
				C302FE0C1AEE182B008CC3B3 /* LaunchScreen.xib in Resources */,
				C302FE091AEE182B008CC3B3 /* Images.xcassets in Resources */,
				C302FE241AEE2008008CC3B3 /* GoogleMaps.bundle in Resources */,
			);
			runOnlyForDeploymentPostprocessing = 0;
		};
		C302FE0F1AEE182B008CC3B3 /* Resources */ = {
			isa = PBXResourcesBuildPhase;
			buildActionMask = 2147483647;
			files = (
			);
			runOnlyForDeploymentPostprocessing = 0;
		};
/* End PBXResourcesBuildPhase section */

/* Begin PBXSourcesBuildPhase section */
		C302FDF41AEE182B008CC3B3 /* Sources */ = {
			isa = PBXSourcesBuildPhase;
			buildActionMask = 2147483647;
			files = (
				C302FE041AEE182B008CC3B3 /* ViewController.m in Sources */,
				C302FE011AEE182B008CC3B3 /* AppDelegate.m in Sources */,
				C302FDFE1AEE182B008CC3B3 /* main.m in Sources */,
			);
			runOnlyForDeploymentPostprocessing = 0;
		};
		C302FE0D1AEE182B008CC3B3 /* Sources */ = {
			isa = PBXSourcesBuildPhase;
			buildActionMask = 2147483647;
			files = (
				C302FE181AEE182B008CC3B3 /* DangerInTownTests.m in Sources */,
			);
			runOnlyForDeploymentPostprocessing = 0;
		};
/* End PBXSourcesBuildPhase section */

/* Begin PBXTargetDependency section */
		C302FE131AEE182B008CC3B3 /* PBXTargetDependency */ = {
			isa = PBXTargetDependency;
			target = C302FDF71AEE182B008CC3B3 /* DangerInTown */;
			targetProxy = C302FE121AEE182B008CC3B3 /* PBXContainerItemProxy */;
		};
/* End PBXTargetDependency section */

/* Begin PBXVariantGroup section */
		C302FE051AEE182B008CC3B3 /* Main.storyboard */ = {
			isa = PBXVariantGroup;
			children = (
				C302FE061AEE182B008CC3B3 /* Base */,
			);
			name = Main.storyboard;
			sourceTree = "<group>";
		};
		C302FE0A1AEE182B008CC3B3 /* LaunchScreen.xib */ = {
			isa = PBXVariantGroup;
			children = (
				C302FE0B1AEE182B008CC3B3 /* Base */,
			);
			name = LaunchScreen.xib;
			sourceTree = "<group>";
		};
/* End PBXVariantGroup section */

/* Begin XCBuildConfiguration section */
		C302FE191AEE182B008CC3B3 /* Debug */ = {
			isa = XCBuildConfiguration;
			buildSettings = {
				ALWAYS_SEARCH_USER_PATHS = NO;
				CLANG_CXX_LANGUAGE_STANDARD = "gnu++0x";
				CLANG_CXX_LIBRARY = "libc++";
				CLANG_ENABLE_MODULES = YES;
				CLANG_ENABLE_OBJC_ARC = YES;
				CLANG_WARN_BOOL_CONVERSION = YES;
				CLANG_WARN_CONSTANT_CONVERSION = YES;
				CLANG_WARN_DIRECT_OBJC_ISA_USAGE = YES_ERROR;
				CLANG_WARN_EMPTY_BODY = YES;
				CLANG_WARN_ENUM_CONVERSION = YES;
				CLANG_WARN_INT_CONVERSION = YES;
				CLANG_WARN_OBJC_ROOT_CLASS = YES_ERROR;
				CLANG_WARN_UNREACHABLE_CODE = YES;
				CLANG_WARN__DUPLICATE_METHOD_MATCH = YES;
				"CODE_SIGN_IDENTITY[sdk=iphoneos*]" = "iPhone Developer";
				COPY_PHASE_STRIP = NO;
				DEBUG_INFORMATION_FORMAT = "dwarf-with-dsym";
				ENABLE_STRICT_OBJC_MSGSEND = YES;
				GCC_C_LANGUAGE_STANDARD = gnu99;
				GCC_DYNAMIC_NO_PIC = NO;
				GCC_NO_COMMON_BLOCKS = YES;
				GCC_OPTIMIZATION_LEVEL = 0;
				GCC_PREPROCESSOR_DEFINITIONS = (
					"DEBUG=1",
					"$(inherited)",
				);
				GCC_SYMBOLS_PRIVATE_EXTERN = NO;
				GCC_WARN_64_TO_32_BIT_CONVERSION = YES;
				GCC_WARN_ABOUT_RETURN_TYPE = YES_ERROR;
				GCC_WARN_UNDECLARED_SELECTOR = YES;
				GCC_WARN_UNINITIALIZED_AUTOS = YES_AGGRESSIVE;
				GCC_WARN_UNUSED_FUNCTION = YES;
				GCC_WARN_UNUSED_VARIABLE = YES;
				IPHONEOS_DEPLOYMENT_TARGET = 8.3;
				MTL_ENABLE_DEBUG_INFO = YES;
				ONLY_ACTIVE_ARCH = YES;
				OTHER_LDFLAGS = "-ObjC";
				SDKROOT = iphoneos;
			};
			name = Debug;
		};
		C302FE1A1AEE182B008CC3B3 /* Release */ = {
			isa = XCBuildConfiguration;
			buildSettings = {
				ALWAYS_SEARCH_USER_PATHS = NO;
				CLANG_CXX_LANGUAGE_STANDARD = "gnu++0x";
				CLANG_CXX_LIBRARY = "libc++";
				CLANG_ENABLE_MODULES = YES;
				CLANG_ENABLE_OBJC_ARC = YES;
				CLANG_WARN_BOOL_CONVERSION = YES;
				CLANG_WARN_CONSTANT_CONVERSION = YES;
				CLANG_WARN_DIRECT_OBJC_ISA_USAGE = YES_ERROR;
				CLANG_WARN_EMPTY_BODY = YES;
				CLANG_WARN_ENUM_CONVERSION = YES;
				CLANG_WARN_INT_CONVERSION = YES;
				CLANG_WARN_OBJC_ROOT_CLASS = YES_ERROR;
				CLANG_WARN_UNREACHABLE_CODE = YES;
				CLANG_WARN__DUPLICATE_METHOD_MATCH = YES;
				"CODE_SIGN_IDENTITY[sdk=iphoneos*]" = "iPhone Developer";
				COPY_PHASE_STRIP = NO;
				DEBUG_INFORMATION_FORMAT = "dwarf-with-dsym";
				ENABLE_NS_ASSERTIONS = NO;
				ENABLE_STRICT_OBJC_MSGSEND = YES;
				GCC_C_LANGUAGE_STANDARD = gnu99;
				GCC_NO_COMMON_BLOCKS = YES;
				GCC_WARN_64_TO_32_BIT_CONVERSION = YES;
				GCC_WARN_ABOUT_RETURN_TYPE = YES_ERROR;
				GCC_WARN_UNDECLARED_SELECTOR = YES;
				GCC_WARN_UNINITIALIZED_AUTOS = YES_AGGRESSIVE;
				GCC_WARN_UNUSED_FUNCTION = YES;
				GCC_WARN_UNUSED_VARIABLE = YES;
				IPHONEOS_DEPLOYMENT_TARGET = 8.3;
				MTL_ENABLE_DEBUG_INFO = NO;
				OTHER_LDFLAGS = "-ObjC";
				SDKROOT = iphoneos;
				VALIDATE_PRODUCT = YES;
			};
			name = Release;
		};
		C302FE1C1AEE182B008CC3B3 /* Debug */ = {
			isa = XCBuildConfiguration;
			buildSettings = {
				ASSETCATALOG_COMPILER_APPICON_NAME = AppIcon;
				CODE_SIGN_IDENTITY = "iPhone Developer";
				"CODE_SIGN_IDENTITY[sdk=iphoneos*]" = "iPhone Developer";
				FRAMEWORK_SEARCH_PATHS = (
					"$(inherited)",
					"$(PROJECT_DIR)",
				);
				INFOPLIST_FILE = DangerInTown/Info.plist;
				LD_RUNPATH_SEARCH_PATHS = "$(inherited) @executable_path/Frameworks";
				PRODUCT_NAME = "$(TARGET_NAME)";
				PROVISIONING_PROFILE = "";
			};
			name = Debug;
		};
		C302FE1D1AEE182B008CC3B3 /* Release */ = {
			isa = XCBuildConfiguration;
			buildSettings = {
				ASSETCATALOG_COMPILER_APPICON_NAME = AppIcon;
				CODE_SIGN_IDENTITY = "iPhone Developer";
				"CODE_SIGN_IDENTITY[sdk=iphoneos*]" = "iPhone Developer";
				FRAMEWORK_SEARCH_PATHS = (
					"$(inherited)",
					"$(PROJECT_DIR)",
				);
				INFOPLIST_FILE = DangerInTown/Info.plist;
				LD_RUNPATH_SEARCH_PATHS = "$(inherited) @executable_path/Frameworks";
				PRODUCT_NAME = "$(TARGET_NAME)";
				PROVISIONING_PROFILE = "";
			};
			name = Release;
		};
		C302FE1F1AEE182B008CC3B3 /* Debug */ = {
			isa = XCBuildConfiguration;
			buildSettings = {
				BUNDLE_LOADER = "$(TEST_HOST)";
				FRAMEWORK_SEARCH_PATHS = (
					"$(SDKROOT)/Developer/Library/Frameworks",
					"$(inherited)",
				);
				GCC_PREPROCESSOR_DEFINITIONS = (
					"DEBUG=1",
					"$(inherited)",
				);
				INFOPLIST_FILE = DangerInTownTests/Info.plist;
				LD_RUNPATH_SEARCH_PATHS = "$(inherited) @executable_path/Frameworks @loader_path/Frameworks";
				PRODUCT_NAME = "$(TARGET_NAME)";
				TEST_HOST = "$(BUILT_PRODUCTS_DIR)/DangerInTown.app/DangerInTown";
			};
			name = Debug;
		};
		C302FE201AEE182B008CC3B3 /* Release */ = {
			isa = XCBuildConfiguration;
			buildSettings = {
				BUNDLE_LOADER = "$(TEST_HOST)";
				FRAMEWORK_SEARCH_PATHS = (
					"$(SDKROOT)/Developer/Library/Frameworks",
					"$(inherited)",
				);
				INFOPLIST_FILE = DangerInTownTests/Info.plist;
				LD_RUNPATH_SEARCH_PATHS = "$(inherited) @executable_path/Frameworks @loader_path/Frameworks";
				PRODUCT_NAME = "$(TARGET_NAME)";
				TEST_HOST = "$(BUILT_PRODUCTS_DIR)/DangerInTown.app/DangerInTown";
			};
			name = Release;
		};
/* End XCBuildConfiguration section */

/* Begin XCConfigurationList section */
		C302FDF31AEE182B008CC3B3 /* Build configuration list for PBXProject "DangerInTown" */ = {
			isa = XCConfigurationList;
			buildConfigurations = (
				C302FE191AEE182B008CC3B3 /* Debug */,
				C302FE1A1AEE182B008CC3B3 /* Release */,
			);
			defaultConfigurationIsVisible = 0;
			defaultConfigurationName = Release;
		};
		C302FE1B1AEE182B008CC3B3 /* Build configuration list for PBXNativeTarget "DangerInTown" */ = {
			isa = XCConfigurationList;
			buildConfigurations = (
				C302FE1C1AEE182B008CC3B3 /* Debug */,
				C302FE1D1AEE182B008CC3B3 /* Release */,
			);
			defaultConfigurationIsVisible = 0;
		};
		C302FE1E1AEE182B008CC3B3 /* Build configuration list for PBXNativeTarget "DangerInTownTests" */ = {
			isa = XCConfigurationList;
			buildConfigurations = (
				C302FE1F1AEE182B008CC3B3 /* Debug */,
				C302FE201AEE182B008CC3B3 /* Release */,
			);
			defaultConfigurationIsVisible = 0;
		};
/* End XCConfigurationList section */
	};
	rootObject = C302FDF01AEE182B008CC3B3 /* Project object */;
}
